
Microsoft Visual Studio Solution File, Format Version 12.00
# Visual Studio Version 17
VisualStudioVersion = 17.14.36221.1 d17.14
MinimumVisualStudioVersion = 10.0.40219.1
Project("{FAE04EC0-301F-11D3-BF4B-00C04F79EFBC}") = "Presentation", "Presentation\Presentation.csproj", "{064ABA8D-C628-4D17-A9CE-617D64FA442F}"
EndProject
Project("{FAE04EC0-301F-11D3-BF4B-00C04F79EFBC}") = "Domain", "Domain\Domain.csproj", "{5B85A67E-7F0D-4D73-80B5-084FABA31FE4}"
EndProject
Project("{FAE04EC0-301F-11D3-BF4B-00C04F79EFBC}") = "Application", "Application\Application.csproj", "{A311AE30-16E8-46B7-A519-227D8FE49C16}"
EndProject
Project("{FAE04EC0-301F-11D3-BF4B-00C04F79EFBC}") = "Infrastructure", "Infrastructure\Infrastructure.csproj", "{6BD7D8E9-EE80-4B75-9FC3-CB70EB87EF5B}"
EndProject
Global
	GlobalSection(SolutionConfigurationPlatforms) = preSolution
		Debug|Any CPU = Debug|Any CPU
		Release|Any CPU = Release|Any CPU
	EndGlobalSection
	GlobalSection(ProjectConfigurationPlatforms) = postSolution
		{064ABA8D-C628-4D17-A9CE-617D64FA442F}.Debug|Any CPU.ActiveCfg = Debug|Any CPU
		{064ABA8D-C628-4D17-A9CE-617D64FA442F}.Debug|Any CPU.Build.0 = Debug|Any CPU
		{064ABA8D-C628-4D17-A9CE-617D64FA442F}.Release|Any CPU.ActiveCfg = Release|Any CPU
		{064ABA8D-C628-4D17-A9CE-617D64FA442F}.Release|Any CPU.Build.0 = Release|Any CPU
		{5B85A67E-7F0D-4D73-80B5-084FABA31FE4}.Debug|Any CPU.ActiveCfg = Debug|Any CPU
		{5B85A67E-7F0D-4D73-80B5-084FABA31FE4}.Debug|Any CPU.Build.0 = Debug|Any CPU
		{5B85A67E-7F0D-4D73-80B5-084FABA31FE4}.Release|Any CPU.ActiveCfg = Release|Any CPU
		{5B85A67E-7F0D-4D73-80B5-084FABA31FE4}.Release|Any CPU.Build.0 = Release|Any CPU
		{A311AE30-16E8-46B7-A519-227D8FE49C16}.Debug|Any CPU.ActiveCfg = Debug|Any CPU
		{A311AE30-16E8-46B7-A519-227D8FE49C16}.Debug|Any CPU.Build.0 = Debug|Any CPU
		{A311AE30-16E8-46B7-A519-227D8FE49C16}.Release|Any CPU.ActiveCfg = Release|Any CPU
		{A311AE30-16E8-46B7-A519-227D8FE49C16}.Release|Any CPU.Build.0 = Release|Any CPU
		{6BD7D8E9-EE80-4B75-9FC3-CB70EB87EF5B}.Debug|Any CPU.ActiveCfg = Debug|Any CPU
		{6BD7D8E9-EE80-4B75-9FC3-CB70EB87EF5B}.Debug|Any CPU.Build.0 = Debug|Any CPU
		{6BD7D8E9-EE80-4B75-9FC3-CB70EB87EF5B}.Release|Any CPU.ActiveCfg = Release|Any CPU
		{6BD7D8E9-EE80-4B75-9FC3-CB70EB87EF5B}.Release|Any CPU.Build.0 = Release|Any CPU
	EndGlobalSection
	GlobalSection(SolutionProperties) = preSolution
		HideSolutionNode = FALSE
	EndGlobalSection
	GlobalSection(ExtensibilityGlobals) = postSolution
		SolutionGuid = {FB24D9E8-5554-4BAA-B005-43ED1EA8118A}
	EndGlobalSection
EndGlobal
